
Microsoft Visual Studio Solution File, Format Version 12.00
# Visual Studio 15
Project("{FAE04EC0-301F-11D3-BF4B-00C04F79EFBC}") = "PhotonChat", "PhotonChat.csproj", "{1F49155A-508B-3DB9-CB80-7883AEDD52B3}"
EndProject
Project("{FAE04EC0-301F-11D3-BF4B-00C04F79EFBC}") = "PhotonUnityNetworking.Editor", "PhotonUnityNetworking.Editor.csproj", "{F0C31A3E-EEEA-0B96-172A-5ECAC94B2EB8}"
EndProject
Project("{FAE04EC0-301F-11D3-BF4B-00C04F79EFBC}") = "PhotonUnityNetworking", "PhotonUnityNetworking.csproj", "{E577CC40-3F3E-3453-DA7E-9761F1A2D159}"
EndProject
Project("{FAE04EC0-301F-11D3-BF4B-00C04F79EFBC}") = "Assembly-CSharp", "Assembly-CSharp.csproj", "{10B955E0-1846-B8D6-54CE-C3931B5B3E59}"
EndProject
Project("{FAE04EC0-301F-11D3-BF4B-00C04F79EFBC}") = "PhotonUnityNetworking.Demos", "PhotonUnityNetworking.Demos.csproj", "{4180300C-15F9-0F24-2B38-3BE8BB88DB47}"
EndProject
Project("{FAE04EC0-301F-11D3-BF4B-00C04F79EFBC}") = "PhotonRealtime", "PhotonRealtime.csproj", "{6F6F7417-8F04-F8D3-21BD-5DB14277B2E5}"
EndProject
Project("{FAE04EC0-301F-11D3-BF4B-00C04F79EFBC}") = "PhotonUnityNetworking.Utilities.PhotonPlayer.Editor", "PhotonUnityNetworking.Utilities.PhotonPlayer.Editor.csproj", "{A4334A11-B7F6-0B59-2A69-2BBC0565057E}"
EndProject
Project("{FAE04EC0-301F-11D3-BF4B-00C04F79EFBC}") = "PhotonUnityNetworking.Utilities", "PhotonUnityNetworking.Utilities.csproj", "{F552A9B2-E2F1-B53B-77D2-CC8BCA0B0049}"
EndProject
Project("{FAE04EC0-301F-11D3-BF4B-00C04F79EFBC}") = "Assembly-CSharp-Editor", "Assembly-CSharp-Editor.csproj", "{6145E358-7F13-95F7-7CDD-62A9D9CF0215}"
EndProject
Project("{FAE04EC0-301F-11D3-BF4B-00C04F79EFBC}") = "PunDemos.DemoHubEditor", "PunDemos.DemoHubEditor.csproj", "{4D9AE6D3-DFAE-2D27-0554-4328C2683338}"
EndProject
Project("{FAE04EC0-301F-11D3-BF4B-00C04F79EFBC}") = "PunDemos.DemoSlotcarEditor", "PunDemos.DemoSlotcarEditor.csproj", "{57DBF669-6FC7-0935-62AE-43CA5EC61E3B}"
EndProject
Project("{FAE04EC0-301F-11D3-BF4B-00C04F79EFBC}") = "PhotonUnityNetworking.Utilities.Culling.Editor", "PhotonUnityNetworking.Utilities.Culling.Editor.csproj", "{3197FD75-4458-2B96-2FAE-7200316B3497}"
EndProject
Global
	GlobalSection(SolutionConfigurationPlatforms) = preSolution
		Debug|Any CPU = Debug|Any CPU
		Release|Any CPU = Release|Any CPU
	EndGlobalSection
	GlobalSection(ProjectConfigurationPlatforms) = postSolution
		{1F49155A-508B-3DB9-CB80-7883AEDD52B3}.Debug|Any CPU.ActiveCfg = Debug|Any CPU
		{1F49155A-508B-3DB9-CB80-7883AEDD52B3}.Debug|Any CPU.Build.0 = Debug|Any CPU
		{1F49155A-508B-3DB9-CB80-7883AEDD52B3}.Release|Any CPU.ActiveCfg = Release|Any CPU
		{1F49155A-508B-3DB9-CB80-7883AEDD52B3}.Release|Any CPU.Build.0 = Release|Any CPU
		{F0C31A3E-EEEA-0B96-172A-5ECAC94B2EB8}.Debug|Any CPU.ActiveCfg = Debug|Any CPU
		{F0C31A3E-EEEA-0B96-172A-5ECAC94B2EB8}.Debug|Any CPU.Build.0 = Debug|Any CPU
		{F0C31A3E-EEEA-0B96-172A-5ECAC94B2EB8}.Release|Any CPU.ActiveCfg = Release|Any CPU
		{F0C31A3E-EEEA-0B96-172A-5ECAC94B2EB8}.Release|Any CPU.Build.0 = Release|Any CPU
		{E577CC40-3F3E-3453-DA7E-9761F1A2D159}.Debug|Any CPU.ActiveCfg = Debug|Any CPU
		{E577CC40-3F3E-3453-DA7E-9761F1A2D159}.Debug|Any CPU.Build.0 = Debug|Any CPU
		{E577CC40-3F3E-3453-DA7E-9761F1A2D159}.Release|Any CPU.ActiveCfg = Release|Any CPU
		{E577CC40-3F3E-3453-DA7E-9761F1A2D159}.Release|Any CPU.Build.0 = Release|Any CPU
		{10B955E0-1846-B8D6-54CE-C3931B5B3E59}.Debug|Any CPU.ActiveCfg = Debug|Any CPU
		{10B955E0-1846-B8D6-54CE-C3931B5B3E59}.Debug|Any CPU.Build.0 = Debug|Any CPU
		{10B955E0-1846-B8D6-54CE-C3931B5B3E59}.Release|Any CPU.ActiveCfg = Release|Any CPU
		{10B955E0-1846-B8D6-54CE-C3931B5B3E59}.Release|Any CPU.Build.0 = Release|Any CPU
		{4180300C-15F9-0F24-2B38-3BE8BB88DB47}.Debug|Any CPU.ActiveCfg = Debug|Any CPU
		{4180300C-15F9-0F24-2B38-3BE8BB88DB47}.Debug|Any CPU.Build.0 = Debug|Any CPU
		{4180300C-15F9-0F24-2B38-3BE8BB88DB47}.Release|Any CPU.ActiveCfg = Release|Any CPU
		{4180300C-15F9-0F24-2B38-3BE8BB88DB47}.Release|Any CPU.Build.0 = Release|Any CPU
		{6F6F7417-8F04-F8D3-21BD-5DB14277B2E5}.Debug|Any CPU.ActiveCfg = Debug|Any CPU
		{6F6F7417-8F04-F8D3-21BD-5DB14277B2E5}.Debug|Any CPU.Build.0 = Debug|Any CPU
		{6F6F7417-8F04-F8D3-21BD-5DB14277B2E5}.Release|Any CPU.ActiveCfg = Release|Any CPU
		{6F6F7417-8F04-F8D3-21BD-5DB14277B2E5}.Release|Any CPU.Build.0 = Release|Any CPU
		{A4334A11-B7F6-0B59-2A69-2BBC0565057E}.Debug|Any CPU.ActiveCfg = Debug|Any CPU
		{A4334A11-B7F6-0B59-2A69-2BBC0565057E}.Debug|Any CPU.Build.0 = Debug|Any CPU
		{A4334A11-B7F6-0B59-2A69-2BBC0565057E}.Release|Any CPU.ActiveCfg = Release|Any CPU
		{A4334A11-B7F6-0B59-2A69-2BBC0565057E}.Release|Any CPU.Build.0 = Release|Any CPU
		{F552A9B2-E2F1-B53B-77D2-CC8BCA0B0049}.Debug|Any CPU.ActiveCfg = Debug|Any CPU
		{F552A9B2-E2F1-B53B-77D2-CC8BCA0B0049}.Debug|Any CPU.Build.0 = Debug|Any CPU
		{F552A9B2-E2F1-B53B-77D2-CC8BCA0B0049}.Release|Any CPU.ActiveCfg = Release|Any CPU
		{F552A9B2-E2F1-B53B-77D2-CC8BCA0B0049}.Release|Any CPU.Build.0 = Release|Any CPU
		{6145E358-7F13-95F7-7CDD-62A9D9CF0215}.Debug|Any CPU.ActiveCfg = Debug|Any CPU
		{6145E358-7F13-95F7-7CDD-62A9D9CF0215}.Debug|Any CPU.Build.0 = Debug|Any CPU
		{6145E358-7F13-95F7-7CDD-62A9D9CF0215}.Release|Any CPU.ActiveCfg = Release|Any CPU
		{6145E358-7F13-95F7-7CDD-62A9D9CF0215}.Release|Any CPU.Build.0 = Release|Any CPU
		{4D9AE6D3-DFAE-2D27-0554-4328C2683338}.Debug|Any CPU.ActiveCfg = Debug|Any CPU
		{4D9AE6D3-DFAE-2D27-0554-4328C2683338}.Debug|Any CPU.Build.0 = Debug|Any CPU
		{4D9AE6D3-DFAE-2D27-0554-4328C2683338}.Release|Any CPU.ActiveCfg = Release|Any CPU
		{4D9AE6D3-DFAE-2D27-0554-4328C2683338}.Release|Any CPU.Build.0 = Release|Any CPU
		{57DBF669-6FC7-0935-62AE-43CA5EC61E3B}.Debug|Any CPU.ActiveCfg = Debug|Any CPU
		{57DBF669-6FC7-0935-62AE-43CA5EC61E3B}.Debug|Any CPU.Build.0 = Debug|Any CPU
		{57DBF669-6FC7-0935-62AE-43CA5EC61E3B}.Release|Any CPU.ActiveCfg = Release|Any CPU
		{57DBF669-6FC7-0935-62AE-43CA5EC61E3B}.Release|Any CPU.Build.0 = Release|Any CPU
		{3197FD75-4458-2B96-2FAE-7200316B3497}.Debug|Any CPU.ActiveCfg = Debug|Any CPU
		{3197FD75-4458-2B96-2FAE-7200316B3497}.Debug|Any CPU.Build.0 = Debug|Any CPU
		{3197FD75-4458-2B96-2FAE-7200316B3497}.Release|Any CPU.ActiveCfg = Release|Any CPU
		{3197FD75-4458-2B96-2FAE-7200316B3497}.Release|Any CPU.Build.0 = Release|Any CPU
	EndGlobalSection
	GlobalSection(SolutionProperties) = preSolution
		HideSolutionNode = FALSE
	EndGlobalSection
EndGlobal
