
Microsoft Visual Studio Solution File, Format Version 12.00
# Visual Studio 15
Project("{FAE04EC0-301F-11D3-BF4B-00C04F79EFBC}") = "PhotonChat", "PhotonChat.csproj", "{13DD12FE-CE34-097E-7AF7-FBE4B3B09355}"
EndProject
Project("{FAE04EC0-301F-11D3-BF4B-00C04F79EFBC}") = "PhotonUnityNetworking.Editor", "PhotonUnityNetworking.Editor.csproj", "{85424FDB-F469-CBEC-0AD5-3AF11C8C03C0}"
EndProject
Project("{FAE04EC0-301F-11D3-BF4B-00C04F79EFBC}") = "PhotonUnityNetworking", "PhotonUnityNetworking.csproj", "{929E16C3-0AD9-BAB9-3CFE-5AB1B53A8E4C}"
EndProject
Project("{FAE04EC0-301F-11D3-BF4B-00C04F79EFBC}") = "PhotonUnityNetworking.Demos", "PhotonUnityNetworking.Demos.csproj", "{B48BE81D-D5F2-692F-2CDF-E868172DF32B}"
EndProject
Project("{FAE04EC0-301F-11D3-BF4B-00C04F79EFBC}") = "PhotonRealtime", "PhotonRealtime.csproj", "{94F39C1A-CB75-E654-51BC-A9C1E3B552C8}"
EndProject
Project("{FAE04EC0-301F-11D3-BF4B-00C04F79EFBC}") = "Assembly-CSharp", "Assembly-CSharp.csproj", "{A763D88F-B21D-8ACE-2970-FF3CA123FBE7}"
EndProject
Project("{FAE04EC0-301F-11D3-BF4B-00C04F79EFBC}") = "PhotonUnityNetworking.Utilities.PhotonPlayer.Editor", "PhotonUnityNetworking.Utilities.PhotonPlayer.Editor.csproj", "{51D80717-BAF9-6018-0CCC-5AAF93523899}"
EndProject
Project("{FAE04EC0-301F-11D3-BF4B-00C04F79EFBC}") = "PhotonUnityNetworking.Utilities", "PhotonUnityNetworking.Utilities.csproj", "{B2BA4D04-99E9-DC37-ACA3-8806ED1477F9}"
EndProject
Project("{FAE04EC0-301F-11D3-BF4B-00C04F79EFBC}") = "Assembly-CSharp-Editor", "Assembly-CSharp-Editor.csproj", "{1CF39A25-1C42-1915-7CB0-851D8A4744E7}"
EndProject
Project("{FAE04EC0-301F-11D3-BF4B-00C04F79EFBC}") = "PunDemos.DemoHubEditor", "PunDemos.DemoHubEditor.csproj", "{45D2CEA4-5826-E5AC-8E17-0AC1DEBD5D8D}"
EndProject
Project("{FAE04EC0-301F-11D3-BF4B-00C04F79EFBC}") = "PunDemos.DemoSlotcarEditor", "PunDemos.DemoSlotcarEditor.csproj", "{A3990599-674D-CCDB-28FC-9F2E234F0B96}"
EndProject
Project("{FAE04EC0-301F-11D3-BF4B-00C04F79EFBC}") = "PhotonUnityNetworking.Utilities.Culling.Editor", "PhotonUnityNetworking.Utilities.Culling.Editor.csproj", "{353FFAE5-05AB-1E94-5B2D-CE73F8FDD528}"
EndProject
Global
	GlobalSection(SolutionConfigurationPlatforms) = preSolution
		Debug|Any CPU = Debug|Any CPU
		Release|Any CPU = Release|Any CPU
	EndGlobalSection
	GlobalSection(ProjectConfigurationPlatforms) = postSolution
		{13DD12FE-CE34-097E-7AF7-FBE4B3B09355}.Debug|Any CPU.ActiveCfg = Debug|Any CPU
		{13DD12FE-CE34-097E-7AF7-FBE4B3B09355}.Debug|Any CPU.Build.0 = Debug|Any CPU
		{13DD12FE-CE34-097E-7AF7-FBE4B3B09355}.Release|Any CPU.ActiveCfg = Release|Any CPU
		{13DD12FE-CE34-097E-7AF7-FBE4B3B09355}.Release|Any CPU.Build.0 = Release|Any CPU
		{85424FDB-F469-CBEC-0AD5-3AF11C8C03C0}.Debug|Any CPU.ActiveCfg = Debug|Any CPU
		{85424FDB-F469-CBEC-0AD5-3AF11C8C03C0}.Debug|Any CPU.Build.0 = Debug|Any CPU
		{85424FDB-F469-CBEC-0AD5-3AF11C8C03C0}.Release|Any CPU.ActiveCfg = Release|Any CPU
		{85424FDB-F469-CBEC-0AD5-3AF11C8C03C0}.Release|Any CPU.Build.0 = Release|Any CPU
		{929E16C3-0AD9-BAB9-3CFE-5AB1B53A8E4C}.Debug|Any CPU.ActiveCfg = Debug|Any CPU
		{929E16C3-0AD9-BAB9-3CFE-5AB1B53A8E4C}.Debug|Any CPU.Build.0 = Debug|Any CPU
		{929E16C3-0AD9-BAB9-3CFE-5AB1B53A8E4C}.Release|Any CPU.ActiveCfg = Release|Any CPU
		{929E16C3-0AD9-BAB9-3CFE-5AB1B53A8E4C}.Release|Any CPU.Build.0 = Release|Any CPU
		{B48BE81D-D5F2-692F-2CDF-E868172DF32B}.Debug|Any CPU.ActiveCfg = Debug|Any CPU
		{B48BE81D-D5F2-692F-2CDF-E868172DF32B}.Debug|Any CPU.Build.0 = Debug|Any CPU
		{B48BE81D-D5F2-692F-2CDF-E868172DF32B}.Release|Any CPU.ActiveCfg = Release|Any CPU
		{B48BE81D-D5F2-692F-2CDF-E868172DF32B}.Release|Any CPU.Build.0 = Release|Any CPU
		{94F39C1A-CB75-E654-51BC-A9C1E3B552C8}.Debug|Any CPU.ActiveCfg = Debug|Any CPU
		{94F39C1A-CB75-E654-51BC-A9C1E3B552C8}.Debug|Any CPU.Build.0 = Debug|Any CPU
		{94F39C1A-CB75-E654-51BC-A9C1E3B552C8}.Release|Any CPU.ActiveCfg = Release|Any CPU
		{94F39C1A-CB75-E654-51BC-A9C1E3B552C8}.Release|Any CPU.Build.0 = Release|Any CPU
		{A763D88F-B21D-8ACE-2970-FF3CA123FBE7}.Debug|Any CPU.ActiveCfg = Debug|Any CPU
		{A763D88F-B21D-8ACE-2970-FF3CA123FBE7}.Debug|Any CPU.Build.0 = Debug|Any CPU
		{A763D88F-B21D-8ACE-2970-FF3CA123FBE7}.Release|Any CPU.ActiveCfg = Release|Any CPU
		{A763D88F-B21D-8ACE-2970-FF3CA123FBE7}.Release|Any CPU.Build.0 = Release|Any CPU
		{51D80717-BAF9-6018-0CCC-5AAF93523899}.Debug|Any CPU.ActiveCfg = Debug|Any CPU
		{51D80717-BAF9-6018-0CCC-5AAF93523899}.Debug|Any CPU.Build.0 = Debug|Any CPU
		{51D80717-BAF9-6018-0CCC-5AAF93523899}.Release|Any CPU.ActiveCfg = Release|Any CPU
		{51D80717-BAF9-6018-0CCC-5AAF93523899}.Release|Any CPU.Build.0 = Release|Any CPU
		{B2BA4D04-99E9-DC37-ACA3-8806ED1477F9}.Debug|Any CPU.ActiveCfg = Debug|Any CPU
		{B2BA4D04-99E9-DC37-ACA3-8806ED1477F9}.Debug|Any CPU.Build.0 = Debug|Any CPU
		{B2BA4D04-99E9-DC37-ACA3-8806ED1477F9}.Release|Any CPU.ActiveCfg = Release|Any CPU
		{B2BA4D04-99E9-DC37-ACA3-8806ED1477F9}.Release|Any CPU.Build.0 = Release|Any CPU
		{1CF39A25-1C42-1915-7CB0-851D8A4744E7}.Debug|Any CPU.ActiveCfg = Debug|Any CPU
		{1CF39A25-1C42-1915-7CB0-851D8A4744E7}.Debug|Any CPU.Build.0 = Debug|Any CPU
		{1CF39A25-1C42-1915-7CB0-851D8A4744E7}.Release|Any CPU.ActiveCfg = Release|Any CPU
		{1CF39A25-1C42-1915-7CB0-851D8A4744E7}.Release|Any CPU.Build.0 = Release|Any CPU
		{45D2CEA4-5826-E5AC-8E17-0AC1DEBD5D8D}.Debug|Any CPU.ActiveCfg = Debug|Any CPU
		{45D2CEA4-5826-E5AC-8E17-0AC1DEBD5D8D}.Debug|Any CPU.Build.0 = Debug|Any CPU
		{45D2CEA4-5826-E5AC-8E17-0AC1DEBD5D8D}.Release|Any CPU.ActiveCfg = Release|Any CPU
		{45D2CEA4-5826-E5AC-8E17-0AC1DEBD5D8D}.Release|Any CPU.Build.0 = Release|Any CPU
		{A3990599-674D-CCDB-28FC-9F2E234F0B96}.Debug|Any CPU.ActiveCfg = Debug|Any CPU
		{A3990599-674D-CCDB-28FC-9F2E234F0B96}.Debug|Any CPU.Build.0 = Debug|Any CPU
		{A3990599-674D-CCDB-28FC-9F2E234F0B96}.Release|Any CPU.ActiveCfg = Release|Any CPU
		{A3990599-674D-CCDB-28FC-9F2E234F0B96}.Release|Any CPU.Build.0 = Release|Any CPU
		{353FFAE5-05AB-1E94-5B2D-CE73F8FDD528}.Debug|Any CPU.ActiveCfg = Debug|Any CPU
		{353FFAE5-05AB-1E94-5B2D-CE73F8FDD528}.Debug|Any CPU.Build.0 = Debug|Any CPU
		{353FFAE5-05AB-1E94-5B2D-CE73F8FDD528}.Release|Any CPU.ActiveCfg = Release|Any CPU
		{353FFAE5-05AB-1E94-5B2D-CE73F8FDD528}.Release|Any CPU.Build.0 = Release|Any CPU
	EndGlobalSection
	GlobalSection(SolutionProperties) = preSolution
		HideSolutionNode = FALSE
	EndGlobalSection
EndGlobal
