
Microsoft Visual Studio Solution File, Format Version 12.00
# Visual Studio 15
Project("{FAE04EC0-301F-11D3-BF4B-00C04F79EFBC}") = "PhotonChat", "PhotonChat.csproj", "{98365BE6-30D7-C07C-0598-5B095FD6C463}"
EndProject
Project("{FAE04EC0-301F-11D3-BF4B-00C04F79EFBC}") = "PhotonUnityNetworking.Editor", "PhotonUnityNetworking.Editor.csproj", "{E61C1BE4-723B-5069-3B76-E4117341DEBF}"
EndProject
Project("{FAE04EC0-301F-11D3-BF4B-00C04F79EFBC}") = "PhotonUnityNetworking", "PhotonUnityNetworking.csproj", "{80DDF8C7-E724-84AC-6F4A-E082F54632D6}"
EndProject
Project("{FAE04EC0-301F-11D3-BF4B-00C04F79EFBC}") = "PhotonUnityNetworking.Demos", "PhotonUnityNetworking.Demos.csproj", "{DED509BC-B7DF-E018-6403-6509909FED35}"
EndProject
Project("{FAE04EC0-301F-11D3-BF4B-00C04F79EFBC}") = "PhotonRealtime", "PhotonRealtime.csproj", "{B0A162AE-77B5-71A9-1C4C-5E915E570340}"
EndProject
Project("{FAE04EC0-301F-11D3-BF4B-00C04F79EFBC}") = "Assembly-CSharp", "Assembly-CSharp.csproj", "{7D0438F1-84E7-93C3-8FB1-D336A122CF0E}"
EndProject
Project("{FAE04EC0-301F-11D3-BF4B-00C04F79EFBC}") = "PhotonUnityNetworking.Utilities.PhotonPlayer.Editor", "PhotonUnityNetworking.Utilities.PhotonPlayer.Editor.csproj", "{9056AEF7-051D-5629-68C4-22C684D73023}"
EndProject
Project("{FAE04EC0-301F-11D3-BF4B-00C04F79EFBC}") = "PhotonUnityNetworking.Utilities", "PhotonUnityNetworking.Utilities.csproj", "{31F62E99-1697-FCC8-D658-668C29ECDDD9}"
EndProject
Project("{FAE04EC0-301F-11D3-BF4B-00C04F79EFBC}") = "Assembly-CSharp-Editor", "Assembly-CSharp-Editor.csproj", "{F15D96A5-BEBD-0CA8-F235-170FA20E31E8}"
EndProject
Project("{FAE04EC0-301F-11D3-BF4B-00C04F79EFBC}") = "PunDemos.DemoHubEditor", "PunDemos.DemoHubEditor.csproj", "{F41BC0E4-2C06-B805-4B80-0719DF368676}"
EndProject
Project("{FAE04EC0-301F-11D3-BF4B-00C04F79EFBC}") = "PunDemos.DemoSlotcarEditor", "PunDemos.DemoSlotcarEditor.csproj", "{C06EBD5B-596E-2613-622C-CC4C1257A8F0}"
EndProject
Project("{FAE04EC0-301F-11D3-BF4B-00C04F79EFBC}") = "PhotonUnityNetworking.Utilities.Culling.Editor", "PhotonUnityNetworking.Utilities.Culling.Editor.csproj", "{5705E725-DE93-0EC8-3E3A-75749480AB33}"
EndProject
Global
	GlobalSection(SolutionConfigurationPlatforms) = preSolution
		Debug|Any CPU = Debug|Any CPU
		Release|Any CPU = Release|Any CPU
	EndGlobalSection
	GlobalSection(ProjectConfigurationPlatforms) = postSolution
		{98365BE6-30D7-C07C-0598-5B095FD6C463}.Debug|Any CPU.ActiveCfg = Debug|Any CPU
		{98365BE6-30D7-C07C-0598-5B095FD6C463}.Debug|Any CPU.Build.0 = Debug|Any CPU
		{98365BE6-30D7-C07C-0598-5B095FD6C463}.Release|Any CPU.ActiveCfg = Release|Any CPU
		{98365BE6-30D7-C07C-0598-5B095FD6C463}.Release|Any CPU.Build.0 = Release|Any CPU
		{E61C1BE4-723B-5069-3B76-E4117341DEBF}.Debug|Any CPU.ActiveCfg = Debug|Any CPU
		{E61C1BE4-723B-5069-3B76-E4117341DEBF}.Debug|Any CPU.Build.0 = Debug|Any CPU
		{E61C1BE4-723B-5069-3B76-E4117341DEBF}.Release|Any CPU.ActiveCfg = Release|Any CPU
		{E61C1BE4-723B-5069-3B76-E4117341DEBF}.Release|Any CPU.Build.0 = Release|Any CPU
		{80DDF8C7-E724-84AC-6F4A-E082F54632D6}.Debug|Any CPU.ActiveCfg = Debug|Any CPU
		{80DDF8C7-E724-84AC-6F4A-E082F54632D6}.Debug|Any CPU.Build.0 = Debug|Any CPU
		{80DDF8C7-E724-84AC-6F4A-E082F54632D6}.Release|Any CPU.ActiveCfg = Release|Any CPU
		{80DDF8C7-E724-84AC-6F4A-E082F54632D6}.Release|Any CPU.Build.0 = Release|Any CPU
		{DED509BC-B7DF-E018-6403-6509909FED35}.Debug|Any CPU.ActiveCfg = Debug|Any CPU
		{DED509BC-B7DF-E018-6403-6509909FED35}.Debug|Any CPU.Build.0 = Debug|Any CPU
		{DED509BC-B7DF-E018-6403-6509909FED35}.Release|Any CPU.ActiveCfg = Release|Any CPU
		{DED509BC-B7DF-E018-6403-6509909FED35}.Release|Any CPU.Build.0 = Release|Any CPU
		{B0A162AE-77B5-71A9-1C4C-5E915E570340}.Debug|Any CPU.ActiveCfg = Debug|Any CPU
		{B0A162AE-77B5-71A9-1C4C-5E915E570340}.Debug|Any CPU.Build.0 = Debug|Any CPU
		{B0A162AE-77B5-71A9-1C4C-5E915E570340}.Release|Any CPU.ActiveCfg = Release|Any CPU
		{B0A162AE-77B5-71A9-1C4C-5E915E570340}.Release|Any CPU.Build.0 = Release|Any CPU
		{7D0438F1-84E7-93C3-8FB1-D336A122CF0E}.Debug|Any CPU.ActiveCfg = Debug|Any CPU
		{7D0438F1-84E7-93C3-8FB1-D336A122CF0E}.Debug|Any CPU.Build.0 = Debug|Any CPU
		{7D0438F1-84E7-93C3-8FB1-D336A122CF0E}.Release|Any CPU.ActiveCfg = Release|Any CPU
		{7D0438F1-84E7-93C3-8FB1-D336A122CF0E}.Release|Any CPU.Build.0 = Release|Any CPU
		{9056AEF7-051D-5629-68C4-22C684D73023}.Debug|Any CPU.ActiveCfg = Debug|Any CPU
		{9056AEF7-051D-5629-68C4-22C684D73023}.Debug|Any CPU.Build.0 = Debug|Any CPU
		{9056AEF7-051D-5629-68C4-22C684D73023}.Release|Any CPU.ActiveCfg = Release|Any CPU
		{9056AEF7-051D-5629-68C4-22C684D73023}.Release|Any CPU.Build.0 = Release|Any CPU
		{31F62E99-1697-FCC8-D658-668C29ECDDD9}.Debug|Any CPU.ActiveCfg = Debug|Any CPU
		{31F62E99-1697-FCC8-D658-668C29ECDDD9}.Debug|Any CPU.Build.0 = Debug|Any CPU
		{31F62E99-1697-FCC8-D658-668C29ECDDD9}.Release|Any CPU.ActiveCfg = Release|Any CPU
		{31F62E99-1697-FCC8-D658-668C29ECDDD9}.Release|Any CPU.Build.0 = Release|Any CPU
		{F15D96A5-BEBD-0CA8-F235-170FA20E31E8}.Debug|Any CPU.ActiveCfg = Debug|Any CPU
		{F15D96A5-BEBD-0CA8-F235-170FA20E31E8}.Debug|Any CPU.Build.0 = Debug|Any CPU
		{F15D96A5-BEBD-0CA8-F235-170FA20E31E8}.Release|Any CPU.ActiveCfg = Release|Any CPU
		{F15D96A5-BEBD-0CA8-F235-170FA20E31E8}.Release|Any CPU.Build.0 = Release|Any CPU
		{F41BC0E4-2C06-B805-4B80-0719DF368676}.Debug|Any CPU.ActiveCfg = Debug|Any CPU
		{F41BC0E4-2C06-B805-4B80-0719DF368676}.Debug|Any CPU.Build.0 = Debug|Any CPU
		{F41BC0E4-2C06-B805-4B80-0719DF368676}.Release|Any CPU.ActiveCfg = Release|Any CPU
		{F41BC0E4-2C06-B805-4B80-0719DF368676}.Release|Any CPU.Build.0 = Release|Any CPU
		{C06EBD5B-596E-2613-622C-CC4C1257A8F0}.Debug|Any CPU.ActiveCfg = Debug|Any CPU
		{C06EBD5B-596E-2613-622C-CC4C1257A8F0}.Debug|Any CPU.Build.0 = Debug|Any CPU
		{C06EBD5B-596E-2613-622C-CC4C1257A8F0}.Release|Any CPU.ActiveCfg = Release|Any CPU
		{C06EBD5B-596E-2613-622C-CC4C1257A8F0}.Release|Any CPU.Build.0 = Release|Any CPU
		{5705E725-DE93-0EC8-3E3A-75749480AB33}.Debug|Any CPU.ActiveCfg = Debug|Any CPU
		{5705E725-DE93-0EC8-3E3A-75749480AB33}.Debug|Any CPU.Build.0 = Debug|Any CPU
		{5705E725-DE93-0EC8-3E3A-75749480AB33}.Release|Any CPU.ActiveCfg = Release|Any CPU
		{5705E725-DE93-0EC8-3E3A-75749480AB33}.Release|Any CPU.Build.0 = Release|Any CPU
	EndGlobalSection
	GlobalSection(SolutionProperties) = preSolution
		HideSolutionNode = FALSE
	EndGlobalSection
EndGlobal
