
Microsoft Visual Studio Solution File, Format Version 12.00
# Visual Studio 15
Project("{FAE04EC0-301F-11D3-BF4B-00C04F79EFBC}") = "Assembly-CSharp-Editor", "Assembly-CSharp-Editor.csproj", "{F15D96A5-BEBD-0CA8-F235-170FA20E31E8}"
EndProject
Project("{FAE04EC0-301F-11D3-BF4B-00C04F79EFBC}") = "Assembly-CSharp", "Assembly-CSharp.csproj", "{7D0438F1-84E7-93C3-8FB1-D336A122CF0E}"
EndProject
Global
	GlobalSection(SolutionConfigurationPlatforms) = preSolution
		Debug|Any CPU = Debug|Any CPU
		Release|Any CPU = Release|Any CPU
	EndGlobalSection
	GlobalSection(ProjectConfigurationPlatforms) = postSolution
		{F15D96A5-BEBD-0CA8-F235-170FA20E31E8}.Debug|Any CPU.ActiveCfg = Debug|Any CPU
		{F15D96A5-BEBD-0CA8-F235-170FA20E31E8}.Debug|Any CPU.Build.0 = Debug|Any CPU
		{F15D96A5-BEBD-0CA8-F235-170FA20E31E8}.Release|Any CPU.ActiveCfg = Release|Any CPU
		{F15D96A5-BEBD-0CA8-F235-170FA20E31E8}.Release|Any CPU.Build.0 = Release|Any CPU
		{7D0438F1-84E7-93C3-8FB1-D336A122CF0E}.Debug|Any CPU.ActiveCfg = Debug|Any CPU
		{7D0438F1-84E7-93C3-8FB1-D336A122CF0E}.Debug|Any CPU.Build.0 = Debug|Any CPU
		{7D0438F1-84E7-93C3-8FB1-D336A122CF0E}.Release|Any CPU.ActiveCfg = Release|Any CPU
		{7D0438F1-84E7-93C3-8FB1-D336A122CF0E}.Release|Any CPU.Build.0 = Release|Any CPU
	EndGlobalSection
	GlobalSection(SolutionProperties) = preSolution
		HideSolutionNode = FALSE
	EndGlobalSection
EndGlobal
